// !$*UTF8*$!
{
	archiveVersion = 1;
	classes = {
	};
	objectVersion = 46;
	objects = {

/* Begin PBXBuildFile section */
		5534C5C9293033660061AFC1 /* CIContext.swift in Sources */ = {isa = PBXBuildFile; fileRef = 5534C5C5293033660061AFC1 /* CIContext.swift */; };
		5534C5CA293033660061AFC1 /* CIImage.swift in Sources */ = {isa = PBXBuildFile; fileRef = 5534C5C6293033660061AFC1 /* CIImage.swift */; };
		5534C5CB293033660061AFC1 /* CVImageBuffer.swift in Sources */ = {isa = PBXBuildFile; fileRef = 5534C5C7293033660061AFC1 /* CVImageBuffer.swift */; };
		5534C5CC293033660061AFC1 /* AVCaptureVideoOrientation.swift in Sources */ = {isa = PBXBuildFile; fileRef = 5534C5C8293033660061AFC1 /* AVCaptureVideoOrientation.swift */; };
		5534C5CF293033990061AFC1 /* LuminanceThresholdFilter.swift in Sources */ = {isa = PBXBuildFile; fileRef = 5534C5CD293033990061AFC1 /* LuminanceThresholdFilter.swift */; };
		5534C5D0293033990061AFC1 /* QKCutoutView.swift in Sources */ = {isa = PBXBuildFile; fileRef = 5534C5CE293033990061AFC1 /* QKCutoutView.swift */; };
		5534C5D2293033A50061AFC1 /* MRZScanResult.swift in Sources */ = {isa = PBXBuildFile; fileRef = 5534C5D1293033A50061AFC1 /* MRZScanResult.swift */; };
		5534C5D429303E4A0061AFC1 /* MrzReaderView.swift in Sources */ = {isa = PBXBuildFile; fileRef = 5534C5D329303E4A0061AFC1 /* MrzReaderView.swift */; };
		5534C5D62930415F0061AFC1 /* CameraError.swift in Sources */ = {isa = PBXBuildFile; fileRef = 5534C5D52930415F0061AFC1 /* CameraError.swift */; };
		5534C5D9293041EF0061AFC1 /* ReactLogger.swift in Sources */ = {isa = PBXBuildFile; fileRef = 5534C5D8293041EF0061AFC1 /* ReactLogger.swift */; };
		5534C5DB293041F90061AFC1 /* Promise.swift in Sources */ = {isa = PBXBuildFile; fileRef = 5534C5DA293041F90061AFC1 /* Promise.swift */; };
		5534C5DD293042040061AFC1 /* Callback.swift in Sources */ = {isa = PBXBuildFile; fileRef = 5534C5DC293042040061AFC1 /* Callback.swift */; };
		5534C5EE2930435B0061AFC1 /* UIInterfaceOrientation+descriptor.swift in Sources */ = {isa = PBXBuildFile; fileRef = 5534C5DF2930435A0061AFC1 /* UIInterfaceOrientation+descriptor.swift */; };
		5534C5EF2930435B0061AFC1 /* EnumParserError.swift in Sources */ = {isa = PBXBuildFile; fileRef = 5534C5E02930435A0061AFC1 /* EnumParserError.swift */; };
		5534C5F02930435B0061AFC1 /* AVCaptureVideoStabilizationMode+descriptor.swift in Sources */ = {isa = PBXBuildFile; fileRef = 5534C5E12930435A0061AFC1 /* AVCaptureVideoStabilizationMode+descriptor.swift */; };
		5534C5F12930435B0061AFC1 /* AVVideoCodecType+descriptor.swift in Sources */ = {isa = PBXBuildFile; fileRef = 5534C5E22930435A0061AFC1 /* AVVideoCodecType+descriptor.swift */; };
		5534C5F22930435B0061AFC1 /* AVCaptureSession.Preset+descriptor.swift in Sources */ = {isa = PBXBuildFile; fileRef = 5534C5E32930435A0061AFC1 /* AVCaptureSession.Preset+descriptor.swift */; };
		5534C5F32930435B0061AFC1 /* AVAssetWriter.Status+descriptor.swift in Sources */ = {isa = PBXBuildFile; fileRef = 5534C5E42930435A0061AFC1 /* AVAssetWriter.Status+descriptor.swift */; };
		5534C5F42930435B0061AFC1 /* AVCaptureDevice.TorchMode+descriptor.swift in Sources */ = {isa = PBXBuildFile; fileRef = 5534C5E52930435A0061AFC1 /* AVCaptureDevice.TorchMode+descriptor.swift */; };
		5534C5F52930435B0061AFC1 /* AVCapturePhotoOutput.QualityPrioritization+descriptor.swift in Sources */ = {isa = PBXBuildFile; fileRef = 5534C5E62930435A0061AFC1 /* AVCapturePhotoOutput.QualityPrioritization+descriptor.swift */; };
		5534C5F62930435B0061AFC1 /* AVCaptureDevice.DeviceType+descriptor.swift in Sources */ = {isa = PBXBuildFile; fileRef = 5534C5E72930435A0061AFC1 /* AVCaptureDevice.DeviceType+descriptor.swift */; };
		5534C5F72930435B0061AFC1 /* AVAuthorizationStatus+descriptor.swift in Sources */ = {isa = PBXBuildFile; fileRef = 5534C5E82930435A0061AFC1 /* AVAuthorizationStatus+descriptor.swift */; };
		5534C5F82930435B0061AFC1 /* AVCaptureDevice.Position+descriptor.swift in Sources */ = {isa = PBXBuildFile; fileRef = 5534C5E92930435A0061AFC1 /* AVCaptureDevice.Position+descriptor.swift */; };
		5534C5F92930435B0061AFC1 /* AVCaptureColorSpace+descriptor.swift in Sources */ = {isa = PBXBuildFile; fileRef = 5534C5EA2930435B0061AFC1 /* AVCaptureColorSpace+descriptor.swift */; };
		5534C5FA2930435B0061AFC1 /* AVCaptureDevice.FlashMode+descriptor.swift in Sources */ = {isa = PBXBuildFile; fileRef = 5534C5EB2930435B0061AFC1 /* AVCaptureDevice.FlashMode+descriptor.swift */; };
		5534C5FB2930435B0061AFC1 /* AVFileType+descriptor.swift in Sources */ = {isa = PBXBuildFile; fileRef = 5534C5EC2930435B0061AFC1 /* AVFileType+descriptor.swift */; };
		5534C5FC2930435B0061AFC1 /* AVCaptureDevice.Format.AutoFocusSystem+descriptor.swift in Sources */ = {isa = PBXBuildFile; fileRef = 5534C5ED2930435B0061AFC1 /* AVCaptureDevice.Format.AutoFocusSystem+descriptor.swift */; };
		5534C5FE293051FD0061AFC1 /* MakeReactError.swift in Sources */ = {isa = PBXBuildFile; fileRef = 5534C5FD293051FD0061AFC1 /* MakeReactError.swift */; };
		5534C6002930FF510061AFC1 /* PreviewView.swift in Sources */ = {isa = PBXBuildFile; fileRef = 5534C5FF2930FF510061AFC1 /* PreviewView.swift */; };
		F4FF95D7245B92E800C19C63 /* MrzReaderViewManager.swift in Sources */ = {isa = PBXBuildFile; fileRef = F4FF95D6245B92E800C19C63 /* MrzReaderViewManager.swift */; };
/* End PBXBuildFile section */

/* Begin PBXCopyFilesBuildPhase section */
		58B511D91A9E6C8500147676 /* CopyFiles */ = {
			isa = PBXCopyFilesBuildPhase;
			buildActionMask = 2147483647;
			dstPath = "include/$(PRODUCT_NAME)";
			dstSubfolderSpec = 16;
			files = (
			);
			runOnlyForDeploymentPostprocessing = 0;
		};
/* End PBXCopyFilesBuildPhase section */

/* Begin PBXFileReference section */
		134814201AA4EA6300B7C361 /* libMrzReader.a */ = {isa = PBXFileReference; explicitFileType = archive.ar; includeInIndex = 0; path = libMrzReader.a; sourceTree = BUILT_PRODUCTS_DIR; };
		5534C5C5293033660061AFC1 /* CIContext.swift */ = {isa = PBXFileReference; fileEncoding = 4; lastKnownFileType = sourcecode.swift; path = CIContext.swift; sourceTree = "<group>"; };
		5534C5C6293033660061AFC1 /* CIImage.swift */ = {isa = PBXFileReference; fileEncoding = 4; lastKnownFileType = sourcecode.swift; path = CIImage.swift; sourceTree = "<group>"; };
		5534C5C7293033660061AFC1 /* CVImageBuffer.swift */ = {isa = PBXFileReference; fileEncoding = 4; lastKnownFileType = sourcecode.swift; path = CVImageBuffer.swift; sourceTree = "<group>"; };
		5534C5C8293033660061AFC1 /* AVCaptureVideoOrientation.swift */ = {isa = PBXFileReference; fileEncoding = 4; lastKnownFileType = sourcecode.swift; path = AVCaptureVideoOrientation.swift; sourceTree = "<group>"; };
		5534C5CD293033990061AFC1 /* LuminanceThresholdFilter.swift */ = {isa = PBXFileReference; fileEncoding = 4; lastKnownFileType = sourcecode.swift; path = LuminanceThresholdFilter.swift; sourceTree = "<group>"; };
		5534C5CE293033990061AFC1 /* QKCutoutView.swift */ = {isa = PBXFileReference; fileEncoding = 4; lastKnownFileType = sourcecode.swift; path = QKCutoutView.swift; sourceTree = "<group>"; };
		5534C5D1293033A50061AFC1 /* MRZScanResult.swift */ = {isa = PBXFileReference; fileEncoding = 4; lastKnownFileType = sourcecode.swift; path = MRZScanResult.swift; sourceTree = "<group>"; };
		5534C5D329303E4A0061AFC1 /* MrzReaderView.swift */ = {isa = PBXFileReference; lastKnownFileType = sourcecode.swift; path = MrzReaderView.swift; sourceTree = "<group>"; };
		5534C5D52930415F0061AFC1 /* CameraError.swift */ = {isa = PBXFileReference; fileEncoding = 4; lastKnownFileType = sourcecode.swift; path = CameraError.swift; sourceTree = "<group>"; };
		5534C5D8293041EF0061AFC1 /* ReactLogger.swift */ = {isa = PBXFileReference; fileEncoding = 4; lastKnownFileType = sourcecode.swift; path = ReactLogger.swift; sourceTree = "<group>"; };
		5534C5DA293041F90061AFC1 /* Promise.swift */ = {isa = PBXFileReference; fileEncoding = 4; lastKnownFileType = sourcecode.swift; path = Promise.swift; sourceTree = "<group>"; };
		5534C5DC293042040061AFC1 /* Callback.swift */ = {isa = PBXFileReference; fileEncoding = 4; lastKnownFileType = sourcecode.swift; path = Callback.swift; sourceTree = "<group>"; };
		5534C5DF2930435A0061AFC1 /* UIInterfaceOrientation+descriptor.swift */ = {isa = PBXFileReference; fileEncoding = 4; lastKnownFileType = sourcecode.swift; path = "UIInterfaceOrientation+descriptor.swift"; sourceTree = "<group>"; };
		5534C5E02930435A0061AFC1 /* EnumParserError.swift */ = {isa = PBXFileReference; fileEncoding = 4; lastKnownFileType = sourcecode.swift; path = EnumParserError.swift; sourceTree = "<group>"; };
		5534C5E12930435A0061AFC1 /* AVCaptureVideoStabilizationMode+descriptor.swift */ = {isa = PBXFileReference; fileEncoding = 4; lastKnownFileType = sourcecode.swift; path = "AVCaptureVideoStabilizationMode+descriptor.swift"; sourceTree = "<group>"; };
		5534C5E22930435A0061AFC1 /* AVVideoCodecType+descriptor.swift */ = {isa = PBXFileReference; fileEncoding = 4; lastKnownFileType = sourcecode.swift; path = "AVVideoCodecType+descriptor.swift"; sourceTree = "<group>"; };
		5534C5E32930435A0061AFC1 /* AVCaptureSession.Preset+descriptor.swift */ = {isa = PBXFileReference; fileEncoding = 4; lastKnownFileType = sourcecode.swift; path = "AVCaptureSession.Preset+descriptor.swift"; sourceTree = "<group>"; };
		5534C5E42930435A0061AFC1 /* AVAssetWriter.Status+descriptor.swift */ = {isa = PBXFileReference; fileEncoding = 4; lastKnownFileType = sourcecode.swift; path = "AVAssetWriter.Status+descriptor.swift"; sourceTree = "<group>"; };
		5534C5E52930435A0061AFC1 /* AVCaptureDevice.TorchMode+descriptor.swift */ = {isa = PBXFileReference; fileEncoding = 4; lastKnownFileType = sourcecode.swift; path = "AVCaptureDevice.TorchMode+descriptor.swift"; sourceTree = "<group>"; };
		5534C5E62930435A0061AFC1 /* AVCapturePhotoOutput.QualityPrioritization+descriptor.swift */ = {isa = PBXFileReference; fileEncoding = 4; lastKnownFileType = sourcecode.swift; path = "AVCapturePhotoOutput.QualityPrioritization+descriptor.swift"; sourceTree = "<group>"; };
		5534C5E72930435A0061AFC1 /* AVCaptureDevice.DeviceType+descriptor.swift */ = {isa = PBXFileReference; fileEncoding = 4; lastKnownFileType = sourcecode.swift; path = "AVCaptureDevice.DeviceType+descriptor.swift"; sourceTree = "<group>"; };
		5534C5E82930435A0061AFC1 /* AVAuthorizationStatus+descriptor.swift */ = {isa = PBXFileReference; fileEncoding = 4; lastKnownFileType = sourcecode.swift; path = "AVAuthorizationStatus+descriptor.swift"; sourceTree = "<group>"; };
		5534C5E92930435A0061AFC1 /* AVCaptureDevice.Position+descriptor.swift */ = {isa = PBXFileReference; fileEncoding = 4; lastKnownFileType = sourcecode.swift; path = "AVCaptureDevice.Position+descriptor.swift"; sourceTree = "<group>"; };
		5534C5EA2930435B0061AFC1 /* AVCaptureColorSpace+descriptor.swift */ = {isa = PBXFileReference; fileEncoding = 4; lastKnownFileType = sourcecode.swift; path = "AVCaptureColorSpace+descriptor.swift"; sourceTree = "<group>"; };
		5534C5EB2930435B0061AFC1 /* AVCaptureDevice.FlashMode+descriptor.swift */ = {isa = PBXFileReference; fileEncoding = 4; lastKnownFileType = sourcecode.swift; path = "AVCaptureDevice.FlashMode+descriptor.swift"; sourceTree = "<group>"; };
		5534C5EC2930435B0061AFC1 /* AVFileType+descriptor.swift */ = {isa = PBXFileReference; fileEncoding = 4; lastKnownFileType = sourcecode.swift; path = "AVFileType+descriptor.swift"; sourceTree = "<group>"; };
		5534C5ED2930435B0061AFC1 /* AVCaptureDevice.Format.AutoFocusSystem+descriptor.swift */ = {isa = PBXFileReference; fileEncoding = 4; lastKnownFileType = sourcecode.swift; path = "AVCaptureDevice.Format.AutoFocusSystem+descriptor.swift"; sourceTree = "<group>"; };
		5534C5FD293051FD0061AFC1 /* MakeReactError.swift */ = {isa = PBXFileReference; lastKnownFileType = sourcecode.swift; path = MakeReactError.swift; sourceTree = "<group>"; };
		5534C5FF2930FF510061AFC1 /* PreviewView.swift */ = {isa = PBXFileReference; lastKnownFileType = sourcecode.swift; path = PreviewView.swift; sourceTree = "<group>"; };
		B3E7B5891CC2AC0600A0062D /* MrzReaderViewManager.m */ = {isa = PBXFileReference; fileEncoding = 4; lastKnownFileType = sourcecode.c.objc; path = MrzReaderViewManager.m; sourceTree = "<group>"; };
		F4FF95D5245B92E700C19C63 /* MrzReader-Bridging-Header.h */ = {isa = PBXFileReference; lastKnownFileType = sourcecode.c.h; path = "MrzReader-Bridging-Header.h"; sourceTree = "<group>"; };
		F4FF95D6245B92E800C19C63 /* MrzReaderViewManager.swift */ = {isa = PBXFileReference; lastKnownFileType = sourcecode.swift; path = MrzReaderViewManager.swift; sourceTree = "<group>"; };
/* End PBXFileReference section */

/* Begin PBXFrameworksBuildPhase section */
		58B511D81A9E6C8500147676 /* Frameworks */ = {
			isa = PBXFrameworksBuildPhase;
			buildActionMask = 2147483647;
			files = (
			);
			runOnlyForDeploymentPostprocessing = 0;
		};
/* End PBXFrameworksBuildPhase section */

/* Begin PBXGroup section */
		134814211AA4EA7D00B7C361 /* Products */ = {
			isa = PBXGroup;
			children = (
				134814201AA4EA6300B7C361 /* libMrzReader.a */,
			);
			name = Products;
			sourceTree = "<group>";
		};
		5534C5C4293033660061AFC1 /* Extensions */ = {
			isa = PBXGroup;
			children = (
				5534C5C5293033660061AFC1 /* CIContext.swift */,
				5534C5C6293033660061AFC1 /* CIImage.swift */,
				5534C5C7293033660061AFC1 /* CVImageBuffer.swift */,
				5534C5C8293033660061AFC1 /* AVCaptureVideoOrientation.swift */,
			);
			path = Extensions;
			sourceTree = "<group>";
		};
		5534C5D7293041CB0061AFC1 /* Utils */ = {
			isa = PBXGroup;
			children = (
				5534C5DC293042040061AFC1 /* Callback.swift */,
				5534C5DA293041F90061AFC1 /* Promise.swift */,
				5534C5D8293041EF0061AFC1 /* ReactLogger.swift */,
				5534C5FD293051FD0061AFC1 /* MakeReactError.swift */,
			);
			path = Utils;
			sourceTree = "<group>";
		};
		5534C5DE2930435A0061AFC1 /* Parsers */ = {
			isa = PBXGroup;
			children = (
				5534C5DF2930435A0061AFC1 /* UIInterfaceOrientation+descriptor.swift */,
				5534C5E02930435A0061AFC1 /* EnumParserError.swift */,
				5534C5E12930435A0061AFC1 /* AVCaptureVideoStabilizationMode+descriptor.swift */,
				5534C5E22930435A0061AFC1 /* AVVideoCodecType+descriptor.swift */,
				5534C5E32930435A0061AFC1 /* AVCaptureSession.Preset+descriptor.swift */,
				5534C5E42930435A0061AFC1 /* AVAssetWriter.Status+descriptor.swift */,
				5534C5E52930435A0061AFC1 /* AVCaptureDevice.TorchMode+descriptor.swift */,
				5534C5E62930435A0061AFC1 /* AVCapturePhotoOutput.QualityPrioritization+descriptor.swift */,
				5534C5E72930435A0061AFC1 /* AVCaptureDevice.DeviceType+descriptor.swift */,
				5534C5E82930435A0061AFC1 /* AVAuthorizationStatus+descriptor.swift */,
				5534C5E92930435A0061AFC1 /* AVCaptureDevice.Position+descriptor.swift */,
				5534C5EA2930435B0061AFC1 /* AVCaptureColorSpace+descriptor.swift */,
				5534C5EB2930435B0061AFC1 /* AVCaptureDevice.FlashMode+descriptor.swift */,
				5534C5EC2930435B0061AFC1 /* AVFileType+descriptor.swift */,
				5534C5ED2930435B0061AFC1 /* AVCaptureDevice.Format.AutoFocusSystem+descriptor.swift */,
			);
			path = Parsers;
			sourceTree = "<group>";
		};
		58B511D21A9E6C8500147676 = {
			isa = PBXGroup;
			children = (
				5534C5FF2930FF510061AFC1 /* PreviewView.swift */,
				5534C5DE2930435A0061AFC1 /* Parsers */,
				5534C5D7293041CB0061AFC1 /* Utils */,
				5534C5D329303E4A0061AFC1 /* MrzReaderView.swift */,
				5534C5CD293033990061AFC1 /* LuminanceThresholdFilter.swift */,
				5534C5D52930415F0061AFC1 /* CameraError.swift */,
				5534C5CE293033990061AFC1 /* QKCutoutView.swift */,
				5534C5D1293033A50061AFC1 /* MRZScanResult.swift */,
				F4FF95D6245B92E800C19C63 /* MrzReaderViewManager.swift */,
				5534C5C4293033660061AFC1 /* Extensions */,
				B3E7B5891CC2AC0600A0062D /* MrzReaderViewManager.m */,
				F4FF95D5245B92E700C19C63 /* MrzReader-Bridging-Header.h */,
				134814211AA4EA7D00B7C361 /* Products */,
			);
			sourceTree = "<group>";
		};
/* End PBXGroup section */

/* Begin PBXNativeTarget section */
		58B511DA1A9E6C8500147676 /* MrzReader */ = {
			isa = PBXNativeTarget;
			buildConfigurationList = 58B511EF1A9E6C8500147676 /* Build configuration list for PBXNativeTarget "MrzReader" */;
			buildPhases = (
				58B511D71A9E6C8500147676 /* Sources */,
				58B511D81A9E6C8500147676 /* Frameworks */,
				58B511D91A9E6C8500147676 /* CopyFiles */,
			);
			buildRules = (
			);
			dependencies = (
			);
			name = MrzReader;
			productName = RCTDataManager;
			productReference = 134814201AA4EA6300B7C361 /* libMrzReader.a */;
			productType = "com.apple.product-type.library.static";
		};
/* End PBXNativeTarget section */

/* Begin PBXProject section */
		58B511D31A9E6C8500147676 /* Project object */ = {
			isa = PBXProject;
			attributes = {
				LastUpgradeCheck = 0920;
				ORGANIZATIONNAME = Facebook;
				TargetAttributes = {
					58B511DA1A9E6C8500147676 = {
						CreatedOnToolsVersion = 6.1.1;
					};
				};
			};
			buildConfigurationList = 58B511D61A9E6C8500147676 /* Build configuration list for PBXProject "MrzReader" */;
			compatibilityVersion = "Xcode 3.2";
			developmentRegion = English;
			hasScannedForEncodings = 0;
			knownRegions = (
				English,
				en,
			);
			mainGroup = 58B511D21A9E6C8500147676;
			productRefGroup = 58B511D21A9E6C8500147676;
			projectDirPath = "";
			projectRoot = "";
			targets = (
				58B511DA1A9E6C8500147676 /* MrzReader */,
			);
		};
/* End PBXProject section */

/* Begin PBXSourcesBuildPhase section */
		58B511D71A9E6C8500147676 /* Sources */ = {
			isa = PBXSourcesBuildPhase;
			buildActionMask = 2147483647;
			files = (
				5534C5CF293033990061AFC1 /* LuminanceThresholdFilter.swift in Sources */,
				5534C5EE2930435B0061AFC1 /* UIInterfaceOrientation+descriptor.swift in Sources */,
				5534C5FC2930435B0061AFC1 /* AVCaptureDevice.Format.AutoFocusSystem+descriptor.swift in Sources */,
				5534C5FB2930435B0061AFC1 /* AVFileType+descriptor.swift in Sources */,
				5534C5D62930415F0061AFC1 /* CameraError.swift in Sources */,
				5534C6002930FF510061AFC1 /* PreviewView.swift in Sources */,
				5534C5F62930435B0061AFC1 /* AVCaptureDevice.DeviceType+descriptor.swift in Sources */,
				5534C5D2293033A50061AFC1 /* MRZScanResult.swift in Sources */,
				5534C5FA2930435B0061AFC1 /* AVCaptureDevice.FlashMode+descriptor.swift in Sources */,
				5534C5D9293041EF0061AFC1 /* ReactLogger.swift in Sources */,
				5534C5D429303E4A0061AFC1 /* MrzReaderView.swift in Sources */,
				5534C5CC293033660061AFC1 /* AVCaptureVideoOrientation.swift in Sources */,
				5534C5F22930435B0061AFC1 /* AVCaptureSession.Preset+descriptor.swift in Sources */,
				5534C5CB293033660061AFC1 /* CVImageBuffer.swift in Sources */,
				5534C5F52930435B0061AFC1 /* AVCapturePhotoOutput.QualityPrioritization+descriptor.swift in Sources */,
				5534C5F42930435B0061AFC1 /* AVCaptureDevice.TorchMode+descriptor.swift in Sources */,
				5534C5F82930435B0061AFC1 /* AVCaptureDevice.Position+descriptor.swift in Sources */,
				5534C5F32930435B0061AFC1 /* AVAssetWriter.Status+descriptor.swift in Sources */,
				F4FF95D7245B92E800C19C63 /* MrzReaderViewManager.swift in Sources */,
				5534C5F12930435B0061AFC1 /* AVVideoCodecType+descriptor.swift in Sources */,
				5534C5F02930435B0061AFC1 /* AVCaptureVideoStabilizationMode+descriptor.swift in Sources */,
				5534C5D0293033990061AFC1 /* QKCutoutView.swift in Sources */,
				5534C5F72930435B0061AFC1 /* AVAuthorizationStatus+descriptor.swift in Sources */,
				5534C5DD293042040061AFC1 /* Callback.swift in Sources */,
				5534C5CA293033660061AFC1 /* CIImage.swift in Sources */,
				5534C5F92930435B0061AFC1 /* AVCaptureColorSpace+descriptor.swift in Sources */,
				5534C5C9293033660061AFC1 /* CIContext.swift in Sources */,
				5534C5FE293051FD0061AFC1 /* MakeReactError.swift in Sources */,
				5534C5DB293041F90061AFC1 /* Promise.swift in Sources */,
				5534C5EF2930435B0061AFC1 /* EnumParserError.swift in Sources */,
			);
			runOnlyForDeploymentPostprocessing = 0;
		};
/* End PBXSourcesBuildPhase section */

/* Begin XCBuildConfiguration section */
		58B511ED1A9E6C8500147676 /* Debug */ = {
			isa = XCBuildConfiguration;
			buildSettings = {
				ALWAYS_SEARCH_USER_PATHS = NO;
				CLANG_CXX_LANGUAGE_STANDARD = "gnu++0x";
				CLANG_CXX_LIBRARY = "libc++";
				CLANG_ENABLE_MODULES = YES;
				CLANG_ENABLE_OBJC_ARC = YES;
				CLANG_WARN_BLOCK_CAPTURE_AUTORELEASING = YES;
				CLANG_WARN_BOOL_CONVERSION = YES;
				CLANG_WARN_COMMA = YES;
				CLANG_WARN_CONSTANT_CONVERSION = YES;
				CLANG_WARN_DIRECT_OBJC_ISA_USAGE = YES_ERROR;
				CLANG_WARN_EMPTY_BODY = YES;
				CLANG_WARN_ENUM_CONVERSION = YES;
				CLANG_WARN_INFINITE_RECURSION = YES;
				CLANG_WARN_INT_CONVERSION = YES;
				CLANG_WARN_NON_LITERAL_NULL_CONVERSION = YES;
				CLANG_WARN_OBJC_LITERAL_CONVERSION = YES;
				CLANG_WARN_OBJC_ROOT_CLASS = YES_ERROR;
				CLANG_WARN_RANGE_LOOP_ANALYSIS = YES;
				CLANG_WARN_STRICT_PROTOTYPES = YES;
				CLANG_WARN_SUSPICIOUS_MOVE = YES;
				CLANG_WARN_UNREACHABLE_CODE = YES;
				CLANG_WARN__DUPLICATE_METHOD_MATCH = YES;
				COPY_PHASE_STRIP = NO;
				ENABLE_STRICT_OBJC_MSGSEND = YES;
				ENABLE_TESTABILITY = YES;
				"EXCLUDED_ARCHS[sdk=*]" = arm64;
				GCC_C_LANGUAGE_STANDARD = gnu99;
				GCC_DYNAMIC_NO_PIC = NO;
				GCC_NO_COMMON_BLOCKS = YES;
				GCC_OPTIMIZATION_LEVEL = 0;
				GCC_PREPROCESSOR_DEFINITIONS = (
					"DEBUG=1",
					"$(inherited)",
				);
				GCC_SYMBOLS_PRIVATE_EXTERN = NO;
				GCC_WARN_64_TO_32_BIT_CONVERSION = YES;
				GCC_WARN_ABOUT_RETURN_TYPE = YES_ERROR;
				GCC_WARN_UNDECLARED_SELECTOR = YES;
				GCC_WARN_UNINITIALIZED_AUTOS = YES_AGGRESSIVE;
				GCC_WARN_UNUSED_FUNCTION = YES;
				GCC_WARN_UNUSED_VARIABLE = YES;
				IPHONEOS_DEPLOYMENT_TARGET = 8.0;
				MTL_ENABLE_DEBUG_INFO = YES;
				ONLY_ACTIVE_ARCH = YES;
				SDKROOT = iphoneos;
			};
			name = Debug;
		};
		58B511EE1A9E6C8500147676 /* Release */ = {
			isa = XCBuildConfiguration;
			buildSettings = {
				ALWAYS_SEARCH_USER_PATHS = NO;
				CLANG_CXX_LANGUAGE_STANDARD = "gnu++0x";
				CLANG_CXX_LIBRARY = "libc++";
				CLANG_ENABLE_MODULES = YES;
				CLANG_ENABLE_OBJC_ARC = YES;
				CLANG_WARN_BLOCK_CAPTURE_AUTORELEASING = YES;
				CLANG_WARN_BOOL_CONVERSION = YES;
				CLANG_WARN_COMMA = YES;
				CLANG_WARN_CONSTANT_CONVERSION = YES;
				CLANG_WARN_DIRECT_OBJC_ISA_USAGE = YES_ERROR;
				CLANG_WARN_EMPTY_BODY = YES;
				CLANG_WARN_ENUM_CONVERSION = YES;
				CLANG_WARN_INFINITE_RECURSION = YES;
				CLANG_WARN_INT_CONVERSION = YES;
				CLANG_WARN_NON_LITERAL_NULL_CONVERSION = YES;
				CLANG_WARN_OBJC_LITERAL_CONVERSION = YES;
				CLANG_WARN_OBJC_ROOT_CLASS = YES_ERROR;
				CLANG_WARN_RANGE_LOOP_ANALYSIS = YES;
				CLANG_WARN_STRICT_PROTOTYPES = YES;
				CLANG_WARN_SUSPICIOUS_MOVE = YES;
				CLANG_WARN_UNREACHABLE_CODE = YES;
				CLANG_WARN__DUPLICATE_METHOD_MATCH = YES;
				COPY_PHASE_STRIP = YES;
				ENABLE_NS_ASSERTIONS = NO;
				ENABLE_STRICT_OBJC_MSGSEND = YES;
				"EXCLUDED_ARCHS[sdk=*]" = arm64;
				GCC_C_LANGUAGE_STANDARD = gnu99;
				GCC_NO_COMMON_BLOCKS = YES;
				GCC_WARN_64_TO_32_BIT_CONVERSION = YES;
				GCC_WARN_ABOUT_RETURN_TYPE = YES_ERROR;
				GCC_WARN_UNDECLARED_SELECTOR = YES;
				GCC_WARN_UNINITIALIZED_AUTOS = YES_AGGRESSIVE;
				GCC_WARN_UNUSED_FUNCTION = YES;
				GCC_WARN_UNUSED_VARIABLE = YES;
				IPHONEOS_DEPLOYMENT_TARGET = 8.0;
				MTL_ENABLE_DEBUG_INFO = NO;
				SDKROOT = iphoneos;
				VALIDATE_PRODUCT = YES;
			};
			name = Release;
		};
		58B511F01A9E6C8500147676 /* Debug */ = {
			isa = XCBuildConfiguration;
			buildSettings = {
				HEADER_SEARCH_PATHS = (
					"$(inherited)",
					/Applications/Xcode.app/Contents/Developer/Toolchains/XcodeDefault.xctoolchain/usr/include,
					"$(SRCROOT)/../../../React/**",
					"$(SRCROOT)/../../react-native/React/**",
				);
				LIBRARY_SEARCH_PATHS = "$(inherited)";
				OTHER_LDFLAGS = "-ObjC";
				PRODUCT_NAME = MrzReader;
				SKIP_INSTALL = YES;
				SWIFT_OBJC_BRIDGING_HEADER = "MrzReader-Bridging-Header.h";
				SWIFT_OPTIMIZATION_LEVEL = "-Onone";
				SWIFT_VERSION = 5.0;
			};
			name = Debug;
		};
		58B511F11A9E6C8500147676 /* Release */ = {
			isa = XCBuildConfiguration;
			buildSettings = {
				HEADER_SEARCH_PATHS = (
					"$(inherited)",
					/Applications/Xcode.app/Contents/Developer/Toolchains/XcodeDefault.xctoolchain/usr/include,
					"$(SRCROOT)/../../../React/**",
					"$(SRCROOT)/../../react-native/React/**",
				);
				LIBRARY_SEARCH_PATHS = "$(inherited)";
				OTHER_LDFLAGS = "-ObjC";
				PRODUCT_NAME = MrzReader;
				SKIP_INSTALL = YES;
				SWIFT_OBJC_BRIDGING_HEADER = "MrzReader-Bridging-Header.h";
				SWIFT_VERSION = 5.0;
			};
			name = Release;
		};
/* End XCBuildConfiguration section */

/* Begin XCConfigurationList section */
		58B511D61A9E6C8500147676 /* Build configuration list for PBXProject "MrzReader" */ = {
			isa = XCConfigurationList;
			buildConfigurations = (
				58B511ED1A9E6C8500147676 /* Debug */,
				58B511EE1A9E6C8500147676 /* Release */,
			);
			defaultConfigurationIsVisible = 0;
			defaultConfigurationName = Release;
		};
		58B511EF1A9E6C8500147676 /* Build configuration list for PBXNativeTarget "MrzReader" */ = {
			isa = XCConfigurationList;
			buildConfigurations = (
				58B511F01A9E6C8500147676 /* Debug */,
				58B511F11A9E6C8500147676 /* Release */,
			);
			defaultConfigurationIsVisible = 0;
			defaultConfigurationName = Release;
		};
/* End XCConfigurationList section */
	};
	rootObject = 58B511D31A9E6C8500147676 /* Project object */;
}
